// !$*UTF8*$!
{
	archiveVersion = 1;
	classes = {
	};
	objectVersion = 55;
	objects = {

/* Begin PBXBuildFile section */
		064EAAFC27B7372500CC3B22 /* iSkripsiApp.swift in Sources */ = {isa = PBXBuildFile; fileRef = 064EAAFB27B7372500CC3B22 /* iSkripsiApp.swift */; };
		064EAAFE27B7372500CC3B22 /* ContentView.swift in Sources */ = {isa = PBXBuildFile; fileRef = 064EAAFD27B7372500CC3B22 /* ContentView.swift */; };
		064EAB0027B7372800CC3B22 /* Assets.xcassets in Resources */ = {isa = PBXBuildFile; fileRef = 064EAAFF27B7372800CC3B22 /* Assets.xcassets */; };
		064EAB0327B7372800CC3B22 /* Preview Assets.xcassets in Resources */ = {isa = PBXBuildFile; fileRef = 064EAB0227B7372800CC3B22 /* Preview Assets.xcassets */; };
		064EAB0D27B7372900CC3B22 /* iSkripsiTests.swift in Sources */ = {isa = PBXBuildFile; fileRef = 064EAB0C27B7372900CC3B22 /* iSkripsiTests.swift */; };
		064EAB1727B7372900CC3B22 /* iSkripsiUITests.swift in Sources */ = {isa = PBXBuildFile; fileRef = 064EAB1627B7372900CC3B22 /* iSkripsiUITests.swift */; };
		064EAB1927B7372900CC3B22 /* iSkripsiUITestsLaunchTests.swift in Sources */ = {isa = PBXBuildFile; fileRef = 064EAB1827B7372900CC3B22 /* iSkripsiUITestsLaunchTests.swift */; };
/* End PBXBuildFile section */

/* Begin PBXContainerItemProxy section */
		064EAB0927B7372900CC3B22 /* PBXContainerItemProxy */ = {
			isa = PBXContainerItemProxy;
			containerPortal = 064EAAF027B7372500CC3B22 /* Project object */;
			proxyType = 1;
			remoteGlobalIDString = 064EAAF727B7372500CC3B22;
			remoteInfo = iSkripsi;
		};
		064EAB1327B7372900CC3B22 /* PBXContainerItemProxy */ = {
			isa = PBXContainerItemProxy;
			containerPortal = 064EAAF027B7372500CC3B22 /* Project object */;
			proxyType = 1;
			remoteGlobalIDString = 064EAAF727B7372500CC3B22;
			remoteInfo = iSkripsi;
		};
/* End PBXContainerItemProxy section */

/* Begin PBXFileReference section */
		064EAAF827B7372500CC3B22 /* iSkripsi.app */ = {isa = PBXFileReference; explicitFileType = wrapper.application; includeInIndex = 0; path = iSkripsi.app; sourceTree = BUILT_PRODUCTS_DIR; };
		064EAAFB27B7372500CC3B22 /* iSkripsiApp.swift */ = {isa = PBXFileReference; lastKnownFileType = sourcecode.swift; path = iSkripsiApp.swift; sourceTree = "<group>"; };
		064EAAFD27B7372500CC3B22 /* ContentView.swift */ = {isa = PBXFileReference; lastKnownFileType = sourcecode.swift; path = ContentView.swift; sourceTree = "<group>"; };
		064EAAFF27B7372800CC3B22 /* Assets.xcassets */ = {isa = PBXFileReference; lastKnownFileType = folder.assetcatalog; path = Assets.xcassets; sourceTree = "<group>"; };
		064EAB0227B7372800CC3B22 /* Preview Assets.xcassets */ = {isa = PBXFileReference; lastKnownFileType = folder.assetcatalog; path = "Preview Assets.xcassets"; sourceTree = "<group>"; };
		064EAB0827B7372800CC3B22 /* iSkripsiTests.xctest */ = {isa = PBXFileReference; explicitFileType = wrapper.cfbundle; includeInIndex = 0; path = iSkripsiTests.xctest; sourceTree = BUILT_PRODUCTS_DIR; };
		064EAB0C27B7372900CC3B22 /* iSkripsiTests.swift */ = {isa = PBXFileReference; lastKnownFileType = sourcecode.swift; path = iSkripsiTests.swift; sourceTree = "<group>"; };
		064EAB1227B7372900CC3B22 /* iSkripsiUITests.xctest */ = {isa = PBXFileReference; explicitFileType = wrapper.cfbundle; includeInIndex = 0; path = iSkripsiUITests.xctest; sourceTree = BUILT_PRODUCTS_DIR; };
		064EAB1627B7372900CC3B22 /* iSkripsiUITests.swift */ = {isa = PBXFileReference; lastKnownFileType = sourcecode.swift; path = iSkripsiUITests.swift; sourceTree = "<group>"; };
		064EAB1827B7372900CC3B22 /* iSkripsiUITestsLaunchTests.swift */ = {isa = PBXFileReference; lastKnownFileType = sourcecode.swift; path = iSkripsiUITestsLaunchTests.swift; sourceTree = "<group>"; };
/* End PBXFileReference section */

/* Begin PBXFrameworksBuildPhase section */
		064EAAF527B7372500CC3B22 /* Frameworks */ = {
			isa = PBXFrameworksBuildPhase;
			buildActionMask = 2147483647;
			files = (
			);
			runOnlyForDeploymentPostprocessing = 0;
		};
		064EAB0527B7372800CC3B22 /* Frameworks */ = {
			isa = PBXFrameworksBuildPhase;
			buildActionMask = 2147483647;
			files = (
			);
			runOnlyForDeploymentPostprocessing = 0;
		};
		064EAB0F27B7372900CC3B22 /* Frameworks */ = {
			isa = PBXFrameworksBuildPhase;
			buildActionMask = 2147483647;
			files = (
			);
			runOnlyForDeploymentPostprocessing = 0;
		};
/* End PBXFrameworksBuildPhase section */

/* Begin PBXGroup section */
		064EAAEF27B7372500CC3B22 = {
			isa = PBXGroup;
			children = (
				064EAAFA27B7372500CC3B22 /* iSkripsi */,
				064EAB0B27B7372900CC3B22 /* iSkripsiTests */,
				064EAB1527B7372900CC3B22 /* iSkripsiUITests */,
				064EAAF927B7372500CC3B22 /* Products */,
			);
			sourceTree = "<group>";
		};
		064EAAF927B7372500CC3B22 /* Products */ = {
			isa = PBXGroup;
			children = (
				064EAAF827B7372500CC3B22 /* iSkripsi.app */,
				064EAB0827B7372800CC3B22 /* iSkripsiTests.xctest */,
				064EAB1227B7372900CC3B22 /* iSkripsiUITests.xctest */,
			);
			name = Products;
			sourceTree = "<group>";
		};
		064EAAFA27B7372500CC3B22 /* iSkripsi */ = {
			isa = PBXGroup;
			children = (
				064EAAFB27B7372500CC3B22 /* iSkripsiApp.swift */,
				064EAAFD27B7372500CC3B22 /* ContentView.swift */,
				064EAAFF27B7372800CC3B22 /* Assets.xcassets */,
				064EAB0127B7372800CC3B22 /* Preview Content */,
			);
			path = iSkripsi;
			sourceTree = "<group>";
		};
		064EAB0127B7372800CC3B22 /* Preview Content */ = {
			isa = PBXGroup;
			children = (
				064EAB0227B7372800CC3B22 /* Preview Assets.xcassets */,
			);
			path = "Preview Content";
			sourceTree = "<group>";
		};
		064EAB0B27B7372900CC3B22 /* iSkripsiTests */ = {
			isa = PBXGroup;
			children = (
				064EAB0C27B7372900CC3B22 /* iSkripsiTests.swift */,
			);
			path = iSkripsiTests;
			sourceTree = "<group>";
		};
		064EAB1527B7372900CC3B22 /* iSkripsiUITests */ = {
			isa = PBXGroup;
			children = (
				064EAB1627B7372900CC3B22 /* iSkripsiUITests.swift */,
				064EAB1827B7372900CC3B22 /* iSkripsiUITestsLaunchTests.swift */,
			);
			path = iSkripsiUITests;
			sourceTree = "<group>";
		};
/* End PBXGroup section */

/* Begin PBXNativeTarget section */
		064EAAF727B7372500CC3B22 /* iSkripsi */ = {
			isa = PBXNativeTarget;
			buildConfigurationList = 064EAB1C27B7372900CC3B22 /* Build configuration list for PBXNativeTarget "iSkripsi" */;
			buildPhases = (
				064EAAF427B7372500CC3B22 /* Sources */,
				064EAAF527B7372500CC3B22 /* Frameworks */,
				064EAAF627B7372500CC3B22 /* Resources */,
			);
			buildRules = (
			);
			dependencies = (
			);
			name = iSkripsi;
			productName = iSkripsi;
			productReference = 064EAAF827B7372500CC3B22 /* iSkripsi.app */;
			productType = "com.apple.product-type.application";
		};
		064EAB0727B7372800CC3B22 /* iSkripsiTests */ = {
			isa = PBXNativeTarget;
			buildConfigurationList = 064EAB1F27B7372900CC3B22 /* Build configuration list for PBXNativeTarget "iSkripsiTests" */;
			buildPhases = (
				064EAB0427B7372800CC3B22 /* Sources */,
				064EAB0527B7372800CC3B22 /* Frameworks */,
				064EAB0627B7372800CC3B22 /* Resources */,
			);
			buildRules = (
			);
			dependencies = (
				064EAB0A27B7372900CC3B22 /* PBXTargetDependency */,
			);
			name = iSkripsiTests;
			productName = iSkripsiTests;
			productReference = 064EAB0827B7372800CC3B22 /* iSkripsiTests.xctest */;
			productType = "com.apple.product-type.bundle.unit-test";
		};
		064EAB1127B7372900CC3B22 /* iSkripsiUITests */ = {
			isa = PBXNativeTarget;
			buildConfigurationList = 064EAB2227B7372900CC3B22 /* Build configuration list for PBXNativeTarget "iSkripsiUITests" */;
			buildPhases = (
				064EAB0E27B7372900CC3B22 /* Sources */,
				064EAB0F27B7372900CC3B22 /* Frameworks */,
				064EAB1027B7372900CC3B22 /* Resources */,
			);
			buildRules = (
			);
			dependencies = (
				064EAB1427B7372900CC3B22 /* PBXTargetDependency */,
			);
			name = iSkripsiUITests;
			productName = iSkripsiUITests;
			productReference = 064EAB1227B7372900CC3B22 /* iSkripsiUITests.xctest */;
			productType = "com.apple.product-type.bundle.ui-testing";
		};
/* End PBXNativeTarget section */

/* Begin PBXProject section */
		064EAAF027B7372500CC3B22 /* Project object */ = {
			isa = PBXProject;
			attributes = {
				BuildIndependentTargetsInParallel = 1;
				LastSwiftUpdateCheck = 1300;
				LastUpgradeCheck = 1300;
				TargetAttributes = {
					064EAAF727B7372500CC3B22 = {
						CreatedOnToolsVersion = 13.0;
					};
					064EAB0727B7372800CC3B22 = {
						CreatedOnToolsVersion = 13.0;
						TestTargetID = 064EAAF727B7372500CC3B22;
					};
					064EAB1127B7372900CC3B22 = {
						CreatedOnToolsVersion = 13.0;
						TestTargetID = 064EAAF727B7372500CC3B22;
					};
				};
			};
			buildConfigurationList = 064EAAF327B7372500CC3B22 /* Build configuration list for PBXProject "iSkripsi" */;
			compatibilityVersion = "Xcode 13.0";
			developmentRegion = en;
			hasScannedForEncodings = 0;
			knownRegions = (
				en,
				Base,
			);
			mainGroup = 064EAAEF27B7372500CC3B22;
			productRefGroup = 064EAAF927B7372500CC3B22 /* Products */;
			projectDirPath = "";
			projectRoot = "";
			targets = (
				064EAAF727B7372500CC3B22 /* iSkripsi */,
				064EAB0727B7372800CC3B22 /* iSkripsiTests */,
				064EAB1127B7372900CC3B22 /* iSkripsiUITests */,
			);
		};
/* End PBXProject section */

/* Begin PBXResourcesBuildPhase section */
		064EAAF627B7372500CC3B22 /* Resources */ = {
			isa = PBXResourcesBuildPhase;
			buildActionMask = 2147483647;
			files = (
				064EAB0327B7372800CC3B22 /* Preview Assets.xcassets in Resources */,
				064EAB0027B7372800CC3B22 /* Assets.xcassets in Resources */,
			);
			runOnlyForDeploymentPostprocessing = 0;
		};
		064EAB0627B7372800CC3B22 /* Resources */ = {
			isa = PBXResourcesBuildPhase;
			buildActionMask = 2147483647;
			files = (
			);
			runOnlyForDeploymentPostprocessing = 0;
		};
		064EAB1027B7372900CC3B22 /* Resources */ = {
			isa = PBXResourcesBuildPhase;
			buildActionMask = 2147483647;
			files = (
			);
			runOnlyForDeploymentPostprocessing = 0;
		};
/* End PBXResourcesBuildPhase section */

/* Begin PBXSourcesBuildPhase section */
		064EAAF427B7372500CC3B22 /* Sources */ = {
			isa = PBXSourcesBuildPhase;
			buildActionMask = 2147483647;
			files = (
				064EAAFE27B7372500CC3B22 /* ContentView.swift in Sources */,
				064EAAFC27B7372500CC3B22 /* iSkripsiApp.swift in Sources */,
			);
			runOnlyForDeploymentPostprocessing = 0;
		};
		064EAB0427B7372800CC3B22 /* Sources */ = {
			isa = PBXSourcesBuildPhase;
			buildActionMask = 2147483647;
			files = (
				064EAB0D27B7372900CC3B22 /* iSkripsiTests.swift in Sources */,
			);
			runOnlyForDeploymentPostprocessing = 0;
		};
		064EAB0E27B7372900CC3B22 /* Sources */ = {
			isa = PBXSourcesBuildPhase;
			buildActionMask = 2147483647;
			files = (
				064EAB1927B7372900CC3B22 /* iSkripsiUITestsLaunchTests.swift in Sources */,
				064EAB1727B7372900CC3B22 /* iSkripsiUITests.swift in Sources */,
			);
			runOnlyForDeploymentPostprocessing = 0;
		};
/* End PBXSourcesBuildPhase section */

/* Begin PBXTargetDependency section */
		064EAB0A27B7372900CC3B22 /* PBXTargetDependency */ = {
			isa = PBXTargetDependency;
			target = 064EAAF727B7372500CC3B22 /* iSkripsi */;
			targetProxy = 064EAB0927B7372900CC3B22 /* PBXContainerItemProxy */;
		};
		064EAB1427B7372900CC3B22 /* PBXTargetDependency */ = {
			isa = PBXTargetDependency;
			target = 064EAAF727B7372500CC3B22 /* iSkripsi */;
			targetProxy = 064EAB1327B7372900CC3B22 /* PBXContainerItemProxy */;
		};
/* End PBXTargetDependency section */

/* Begin XCBuildConfiguration section */
		064EAB1A27B7372900CC3B22 /* Debug */ = {
			isa = XCBuildConfiguration;
			buildSettings = {
				ALWAYS_SEARCH_USER_PATHS = NO;
				CLANG_ANALYZER_NONNULL = YES;
				CLANG_ANALYZER_NUMBER_OBJECT_CONVERSION = YES_AGGRESSIVE;
				CLANG_CXX_LANGUAGE_STANDARD = "gnu++17";
				CLANG_CXX_LIBRARY = "libc++";
				CLANG_ENABLE_MODULES = YES;
				CLANG_ENABLE_OBJC_ARC = YES;
				CLANG_ENABLE_OBJC_WEAK = YES;
				CLANG_WARN_BLOCK_CAPTURE_AUTORELEASING = YES;
				CLANG_WARN_BOOL_CONVERSION = YES;
				CLANG_WARN_COMMA = YES;
				CLANG_WARN_CONSTANT_CONVERSION = YES;
				CLANG_WARN_DEPRECATED_OBJC_IMPLEMENTATIONS = YES;
				CLANG_WARN_DIRECT_OBJC_ISA_USAGE = YES_ERROR;
				CLANG_WARN_DOCUMENTATION_COMMENTS = YES;
				CLANG_WARN_EMPTY_BODY = YES;
				CLANG_WARN_ENUM_CONVERSION = YES;
				CLANG_WARN_INFINITE_RECURSION = YES;
				CLANG_WARN_INT_CONVERSION = YES;
				CLANG_WARN_NON_LITERAL_NULL_CONVERSION = YES;
				CLANG_WARN_OBJC_IMPLICIT_RETAIN_SELF = YES;
				CLANG_WARN_OBJC_LITERAL_CONVERSION = YES;
				CLANG_WARN_OBJC_ROOT_CLASS = YES_ERROR;
				CLANG_WARN_QUOTED_INCLUDE_IN_FRAMEWORK_HEADER = YES;
				CLANG_WARN_RANGE_LOOP_ANALYSIS = YES;
				CLANG_WARN_STRICT_PROTOTYPES = YES;
				CLANG_WARN_SUSPICIOUS_MOVE = YES;
				CLANG_WARN_UNGUARDED_AVAILABILITY = YES_AGGRESSIVE;
				CLANG_WARN_UNREACHABLE_CODE = YES;
				CLANG_WARN__DUPLICATE_METHOD_MATCH = YES;
				COPY_PHASE_STRIP = NO;
				DEBUG_INFORMATION_FORMAT = dwarf;
				ENABLE_STRICT_OBJC_MSGSEND = YES;
				ENABLE_TESTABILITY = YES;
				GCC_C_LANGUAGE_STANDARD = gnu11;
				GCC_DYNAMIC_NO_PIC = NO;
				GCC_NO_COMMON_BLOCKS = YES;
				GCC_OPTIMIZATION_LEVEL = 0;
				GCC_PREPROCESSOR_DEFINITIONS = (
					"DEBUG=1",
					"$(inherited)",
				);
				GCC_WARN_64_TO_32_BIT_CONVERSION = YES;
				GCC_WARN_ABOUT_RETURN_TYPE = YES_ERROR;
				GCC_WARN_UNDECLARED_SELECTOR = YES;
				GCC_WARN_UNINITIALIZED_AUTOS = YES_AGGRESSIVE;
				GCC_WARN_UNUSED_FUNCTION = YES;
				GCC_WARN_UNUSED_VARIABLE = YES;
				IPHONEOS_DEPLOYMENT_TARGET = 15.0;
				MTL_ENABLE_DEBUG_INFO = INCLUDE_SOURCE;
				MTL_FAST_MATH = YES;
				ONLY_ACTIVE_ARCH = YES;
				SDKROOT = iphoneos;
				SWIFT_ACTIVE_COMPILATION_CONDITIONS = DEBUG;
				SWIFT_OPTIMIZATION_LEVEL = "-Onone";
			};
			name = Debug;
		};
		064EAB1B27B7372900CC3B22 /* Release */ = {
			isa = XCBuildConfiguration;
			buildSettings = {
				ALWAYS_SEARCH_USER_PATHS = NO;
				CLANG_ANALYZER_NONNULL = YES;
				CLANG_ANALYZER_NUMBER_OBJECT_CONVERSION = YES_AGGRESSIVE;
				CLANG_CXX_LANGUAGE_STANDARD = "gnu++17";
				CLANG_CXX_LIBRARY = "libc++";
				CLANG_ENABLE_MODULES = YES;
				CLANG_ENABLE_OBJC_ARC = YES;
				CLANG_ENABLE_OBJC_WEAK = YES;
				CLANG_WARN_BLOCK_CAPTURE_AUTORELEASING = YES;
				CLANG_WARN_BOOL_CONVERSION = YES;
				CLANG_WARN_COMMA = YES;
				CLANG_WARN_CONSTANT_CONVERSION = YES;
				CLANG_WARN_DEPRECATED_OBJC_IMPLEMENTATIONS = YES;
				CLANG_WARN_DIRECT_OBJC_ISA_USAGE = YES_ERROR;
				CLANG_WARN_DOCUMENTATION_COMMENTS = YES;
				CLANG_WARN_EMPTY_BODY = YES;
				CLANG_WARN_ENUM_CONVERSION = YES;
				CLANG_WARN_INFINITE_RECURSION = YES;
				CLANG_WARN_INT_CONVERSION = YES;
				CLANG_WARN_NON_LITERAL_NULL_CONVERSION = YES;
				CLANG_WARN_OBJC_IMPLICIT_RETAIN_SELF = YES;
				CLANG_WARN_OBJC_LITERAL_CONVERSION = YES;
				CLANG_WARN_OBJC_ROOT_CLASS = YES_ERROR;
				CLANG_WARN_QUOTED_INCLUDE_IN_FRAMEWORK_HEADER = YES;
				CLANG_WARN_RANGE_LOOP_ANALYSIS = YES;
				CLANG_WARN_STRICT_PROTOTYPES = YES;
				CLANG_WARN_SUSPICIOUS_MOVE = YES;
				CLANG_WARN_UNGUARDED_AVAILABILITY = YES_AGGRESSIVE;
				CLANG_WARN_UNREACHABLE_CODE = YES;
				CLANG_WARN__DUPLICATE_METHOD_MATCH = YES;
				COPY_PHASE_STRIP = NO;
				DEBUG_INFORMATION_FORMAT = "dwarf-with-dsym";
				ENABLE_NS_ASSERTIONS = NO;
				ENABLE_STRICT_OBJC_MSGSEND = YES;
				GCC_C_LANGUAGE_STANDARD = gnu11;
				GCC_NO_COMMON_BLOCKS = YES;
				GCC_WARN_64_TO_32_BIT_CONVERSION = YES;
				GCC_WARN_ABOUT_RETURN_TYPE = YES_ERROR;
				GCC_WARN_UNDECLARED_SELECTOR = YES;
				GCC_WARN_UNINITIALIZED_AUTOS = YES_AGGRESSIVE;
				GCC_WARN_UNUSED_FUNCTION = YES;
				GCC_WARN_UNUSED_VARIABLE = YES;
				IPHONEOS_DEPLOYMENT_TARGET = 15.0;
				MTL_ENABLE_DEBUG_INFO = NO;
				MTL_FAST_MATH = YES;
				SDKROOT = iphoneos;
				SWIFT_COMPILATION_MODE = wholemodule;
				SWIFT_OPTIMIZATION_LEVEL = "-O";
				VALIDATE_PRODUCT = YES;
			};
			name = Release;
		};
		064EAB1D27B7372900CC3B22 /* Debug */ = {
			isa = XCBuildConfiguration;
			buildSettings = {
				ASSETCATALOG_COMPILER_APPICON_NAME = AppIcon;
				ASSETCATALOG_COMPILER_GLOBAL_ACCENT_COLOR_NAME = AccentColor;
				CODE_SIGN_STYLE = Automatic;
				CURRENT_PROJECT_VERSION = 1;
				DEVELOPMENT_ASSET_PATHS = "\"iSkripsi/Preview Content\"";
				DEVELOPMENT_TEAM = HU4952GTJM;
				ENABLE_PREVIEWS = YES;
				GENERATE_INFOPLIST_FILE = YES;
				INFOPLIST_KEY_UIApplicationSceneManifest_Generation = YES;
				INFOPLIST_KEY_UIApplicationSupportsIndirectInputEvents = YES;
				INFOPLIST_KEY_UILaunchScreen_Generation = YES;
				INFOPLIST_KEY_UISupportedInterfaceOrientations_iPad = "UIInterfaceOrientationPortrait UIInterfaceOrientationPortraitUpsideDown UIInterfaceOrientationLandscapeLeft UIInterfaceOrientationLandscapeRight";
				INFOPLIST_KEY_UISupportedInterfaceOrientations_iPhone = "UIInterfaceOrientationPortrait UIInterfaceOrientationLandscapeLeft UIInterfaceOrientationLandscapeRight";
				IPHONEOS_DEPLOYMENT_TARGET = 14.0;
				LD_RUNPATH_SEARCH_PATHS = (
					"$(inherited)",
					"@executable_path/Frameworks",
				);
				MARKETING_VERSION = 1.0;
				PRODUCT_BUNDLE_IDENTIFIER = com.selayarsoft.iSkripsi;
				PRODUCT_NAME = "$(TARGET_NAME)";
				SWIFT_EMIT_LOC_STRINGS = YES;
				SWIFT_VERSION = 5.0;
				TARGETED_DEVICE_FAMILY = "1,2";
			};
			name = Debug;
		};
		064EAB1E27B7372900CC3B22 /* Release */ = {
			isa = XCBuildConfiguration;
			buildSettings = {
				ASSETCATALOG_COMPILER_APPICON_NAME = AppIcon;
				ASSETCATALOG_COMPILER_GLOBAL_ACCENT_COLOR_NAME = AccentColor;
				CODE_SIGN_STYLE = Automatic;
				CURRENT_PROJECT_VERSION = 1;
				DEVELOPMENT_ASSET_PATHS = "\"iSkripsi/Preview Content\"";
				DEVELOPMENT_TEAM = HU4952GTJM;
				ENABLE_PREVIEWS = YES;
				GENERATE_INFOPLIST_FILE = YES;
				INFOPLIST_KEY_UIApplicationSceneManifest_Generation = YES;
				INFOPLIST_KEY_UIApplicationSupportsIndirectInputEvents = YES;
				INFOPLIST_KEY_UILaunchScreen_Generation = YES;
				INFOPLIST_KEY_UISupportedInterfaceOrientations_iPad = "UIInterfaceOrientationPortrait UIInterfaceOrientationPortraitUpsideDown UIInterfaceOrientationLandscapeLeft UIInterfaceOrientationLandscapeRight";
				INFOPLIST_KEY_UISupportedInterfaceOrientations_iPhone = "UIInterfaceOrientationPortrait UIInterfaceOrientationLandscapeLeft UIInterfaceOrientationLandscapeRight";
				IPHONEOS_DEPLOYMENT_TARGET = 14.0;
				LD_RUNPATH_SEARCH_PATHS = (
					"$(inherited)",
					"@executable_path/Frameworks",
				);
				MARKETING_VERSION = 1.0;
				PRODUCT_BUNDLE_IDENTIFIER = com.selayarsoft.iSkripsi;
				PRODUCT_NAME = "$(TARGET_NAME)";
				SWIFT_EMIT_LOC_STRINGS = YES;
				SWIFT_VERSION = 5.0;
				TARGETED_DEVICE_FAMILY = "1,2";
			};
			name = Release;
		};
		064EAB2027B7372900CC3B22 /* Debug */ = {
			isa = XCBuildConfiguration;
			buildSettings = {
				ALWAYS_EMBED_SWIFT_STANDARD_LIBRARIES = YES;
				BUNDLE_LOADER = "$(TEST_HOST)";
				CODE_SIGN_STYLE = Automatic;
				CURRENT_PROJECT_VERSION = 1;
				DEVELOPMENT_TEAM = HU4952GTJM;
				GENERATE_INFOPLIST_FILE = YES;
				IPHONEOS_DEPLOYMENT_TARGET = 14.0;
				LD_RUNPATH_SEARCH_PATHS = (
					"$(inherited)",
					"@executable_path/Frameworks",
					"@loader_path/Frameworks",
				);
				MARKETING_VERSION = 1.0;
				PRODUCT_BUNDLE_IDENTIFIER = com.selayarsoft.iSkripsiTests;
				PRODUCT_NAME = "$(TARGET_NAME)";
				SWIFT_EMIT_LOC_STRINGS = NO;
				SWIFT_VERSION = 5.0;
				TARGETED_DEVICE_FAMILY = "1,2";
				TEST_HOST = "$(BUILT_PRODUCTS_DIR)/iSkripsi.app/iSkripsi";
			};
			name = Debug;
		};
		064EAB2127B7372900CC3B22 /* Release */ = {
			isa = XCBuildConfiguration;
			buildSettings = {
				ALWAYS_EMBED_SWIFT_STANDARD_LIBRARIES = YES;
				BUNDLE_LOADER = "$(TEST_HOST)";
				CODE_SIGN_STYLE = Automatic;
				CURRENT_PROJECT_VERSION = 1;
				DEVELOPMENT_TEAM = HU4952GTJM;
				GENERATE_INFOPLIST_FILE = YES;
				IPHONEOS_DEPLOYMENT_TARGET = 14.0;
				LD_RUNPATH_SEARCH_PATHS = (
					"$(inherited)",
					"@executable_path/Frameworks",
					"@loader_path/Frameworks",
				);
				MARKETING_VERSION = 1.0;
				PRODUCT_BUNDLE_IDENTIFIER = com.selayarsoft.iSkripsiTests;
				PRODUCT_NAME = "$(TARGET_NAME)";
				SWIFT_EMIT_LOC_STRINGS = NO;
				SWIFT_VERSION = 5.0;
				TARGETED_DEVICE_FAMILY = "1,2";
				TEST_HOST = "$(BUILT_PRODUCTS_DIR)/iSkripsi.app/iSkripsi";
			};
			name = Release;
		};
		064EAB2327B7372900CC3B22 /* Debug */ = {
			isa = XCBuildConfiguration;
			buildSettings = {
				ALWAYS_EMBED_SWIFT_STANDARD_LIBRARIES = YES;
				CODE_SIGN_STYLE = Automatic;
				CURRENT_PROJECT_VERSION = 1;
				DEVELOPMENT_TEAM = HU4952GTJM;
				GENERATE_INFOPLIST_FILE = YES;
				LD_RUNPATH_SEARCH_PATHS = (
					"$(inherited)",
					"@executable_path/Frameworks",
					"@loader_path/Frameworks",
				);
				MARKETING_VERSION = 1.0;
				PRODUCT_BUNDLE_IDENTIFIER = com.selayarsoft.iSkripsiUITests;
				PRODUCT_NAME = "$(TARGET_NAME)";
				SWIFT_EMIT_LOC_STRINGS = NO;
				SWIFT_VERSION = 5.0;
				TARGETED_DEVICE_FAMILY = "1,2";
				TEST_TARGET_NAME = iSkripsi;
			};
			name = Debug;
		};
		064EAB2427B7372900CC3B22 /* Release */ = {
			isa = XCBuildConfiguration;
			buildSettings = {
				ALWAYS_EMBED_SWIFT_STANDARD_LIBRARIES = YES;
				CODE_SIGN_STYLE = Automatic;
				CURRENT_PROJECT_VERSION = 1;
				DEVELOPMENT_TEAM = HU4952GTJM;
				GENERATE_INFOPLIST_FILE = YES;
				LD_RUNPATH_SEARCH_PATHS = (
					"$(inherited)",
					"@executable_path/Frameworks",
					"@loader_path/Frameworks",
				);
				MARKETING_VERSION = 1.0;
				PRODUCT_BUNDLE_IDENTIFIER = com.selayarsoft.iSkripsiUITests;
				PRODUCT_NAME = "$(TARGET_NAME)";
				SWIFT_EMIT_LOC_STRINGS = NO;
				SWIFT_VERSION = 5.0;
				TARGETED_DEVICE_FAMILY = "1,2";
				TEST_TARGET_NAME = iSkripsi;
			};
			name = Release;
		};
/* End XCBuildConfiguration section */

/* Begin XCConfigurationList section */
		064EAAF327B7372500CC3B22 /* Build configuration list for PBXProject "iSkripsi" */ = {
			isa = XCConfigurationList;
			buildConfigurations = (
				064EAB1A27B7372900CC3B22 /* Debug */,
				064EAB1B27B7372900CC3B22 /* Release */,
			);
			defaultConfigurationIsVisible = 0;
			defaultConfigurationName = Release;
		};
		064EAB1C27B7372900CC3B22 /* Build configuration list for PBXNativeTarget "iSkripsi" */ = {
			isa = XCConfigurationList;
			buildConfigurations = (
				064EAB1D27B7372900CC3B22 /* Debug */,
				064EAB1E27B7372900CC3B22 /* Release */,
			);
			defaultConfigurationIsVisible = 0;
			defaultConfigurationName = Release;
		};
		064EAB1F27B7372900CC3B22 /* Build configuration list for PBXNativeTarget "iSkripsiTests" */ = {
			isa = XCConfigurationList;
			buildConfigurations = (
				064EAB2027B7372900CC3B22 /* Debug */,
				064EAB2127B7372900CC3B22 /* Release */,
			);
			defaultConfigurationIsVisible = 0;
			defaultConfigurationName = Release;
		};
		064EAB2227B7372900CC3B22 /* Build configuration list for PBXNativeTarget "iSkripsiUITests" */ = {
			isa = XCConfigurationList;
			buildConfigurations = (
				064EAB2327B7372900CC3B22 /* Debug */,
				064EAB2427B7372900CC3B22 /* Release */,
			);
			defaultConfigurationIsVisible = 0;
			defaultConfigurationName = Release;
		};
/* End XCConfigurationList section */
	};
	rootObject = 064EAAF027B7372500CC3B22 /* Project object */;
}
